
Microsoft Visual Studio Solution File, Format Version 12.00
# Visual Studio Version 17
VisualStudioVersion = 17.5.002.0
MinimumVisualStudioVersion = 10.0.40219.1
Project("{9A19103F-16F7-4668-BE54-9A1E7A4F7556}") = "switch-statement-practice-whitney-wolf-student", "switch-statement-practice-whitney-wolf-student.csproj", "{BE965B5D-240A-40DF-82D5-73CE0010C3FD}"
EndProject
Global
	GlobalSection(SolutionConfigurationPlatforms) = preSolution
		Debug|Any CPU = Debug|Any CPU
		Release|Any CPU = Release|Any CPU
	EndGlobalSection
	GlobalSection(ProjectConfigurationPlatforms) = postSolution
		{BE965B5D-240A-40DF-82D5-73CE0010C3FD}.Debug|Any CPU.ActiveCfg = Debug|Any CPU
		{BE965B5D-240A-40DF-82D5-73CE0010C3FD}.Debug|Any CPU.Build.0 = Debug|Any CPU
		{BE965B5D-240A-40DF-82D5-73CE0010C3FD}.Release|Any CPU.ActiveCfg = Release|Any CPU
		{BE965B5D-240A-40DF-82D5-73CE0010C3FD}.Release|Any CPU.Build.0 = Release|Any CPU
	EndGlobalSection
	GlobalSection(SolutionProperties) = preSolution
		HideSolutionNode = FALSE
	EndGlobalSection
	GlobalSection(ExtensibilityGlobals) = postSolution
		SolutionGuid = {871B1A75-01D5-40F1-B06E-6219C91BBF55}
	EndGlobalSection
EndGlobal
